
Microsoft Visual Studio Solution File, Format Version 12.00
# Visual Studio Version 17
VisualStudioVersion = 17.5.33530.505
MinimumVisualStudioVersion = 10.0.40219.1
Project("{FAE04EC0-301F-11D3-BF4B-00C04F79EFBC}") = "Select_Banco", "Revisao\Select_Banco.csproj", "{FDDAAAB5-F765-47AC-A39F-A55521EB40D5}"
EndProject
Global
	GlobalSection(SolutionConfigurationPlatforms) = preSolution
		Debug|Any CPU = Debug|Any CPU
		Release|Any CPU = Release|Any CPU
	EndGlobalSection
	GlobalSection(ProjectConfigurationPlatforms) = postSolution
		{FDDAAAB5-F765-47AC-A39F-A55521EB40D5}.Debug|Any CPU.ActiveCfg = Debug|Any CPU
		{FDDAAAB5-F765-47AC-A39F-A55521EB40D5}.Debug|Any CPU.Build.0 = Debug|Any CPU
		{FDDAAAB5-F765-47AC-A39F-A55521EB40D5}.Release|Any CPU.ActiveCfg = Release|Any CPU
		{FDDAAAB5-F765-47AC-A39F-A55521EB40D5}.Release|Any CPU.Build.0 = Release|Any CPU
	EndGlobalSection
	GlobalSection(SolutionProperties) = preSolution
		HideSolutionNode = FALSE
	EndGlobalSection
	GlobalSection(ExtensibilityGlobals) = postSolution
		SolutionGuid = {25DAB166-8FBE-4284-ACEF-03FBD4F0497F}
	EndGlobalSection
EndGlobal
